Microsoft Visual Studio Solution File, Format Version 7.00
Project("{8BC9CEB8-8B4A-11D0-8D11-00A0C91BC942}") = "Daggerfall Explorer", "Daggerfall Explorer.vcproj", "{C07D1D08-B846-4CFE-BA17-4A8B2E95EA0E}"
EndProject
Global
	GlobalSection(SolutionConfiguration) = preSolution
		ConfigName.0 = Debug
		ConfigName.1 = Debug MD
		ConfigName.2 = Debug ML
		ConfigName.3 = Debug MT
		ConfigName.4 = Release
		ConfigName.5 = Release MD
		ConfigName.6 = Release ML
		ConfigName.7 = Release MT
	EndGlobalSection
	GlobalSection(ProjectDependencies) = postSolution
	EndGlobalSection
	GlobalSection(ProjectConfiguration) = postSolution
		{C07D1D08-B846-4CFE-BA17-4A8B2E95EA0E}.Debug.ActiveCfg = Debug|Win32
		{C07D1D08-B846-4CFE-BA17-4A8B2E95EA0E}.Debug.Build.0 = Debug|Win32
		{C07D1D08-B846-4CFE-BA17-4A8B2E95EA0E}.Debug MD.ActiveCfg = Debug|Win32
		{C07D1D08-B846-4CFE-BA17-4A8B2E95EA0E}.Debug MD.Build.0 = Debug|Win32
		{C07D1D08-B846-4CFE-BA17-4A8B2E95EA0E}.Debug ML.ActiveCfg = Debug|Win32
		{C07D1D08-B846-4CFE-BA17-4A8B2E95EA0E}.Debug ML.Build.0 = Debug|Win32
		{C07D1D08-B846-4CFE-BA17-4A8B2E95EA0E}.Debug MT.ActiveCfg = Debug|Win32
		{C07D1D08-B846-4CFE-BA17-4A8B2E95EA0E}.Debug MT.Build.0 = Debug|Win32
		{C07D1D08-B846-4CFE-BA17-4A8B2E95EA0E}.Release.ActiveCfg = Release|Win32
		{C07D1D08-B846-4CFE-BA17-4A8B2E95EA0E}.Release.Build.0 = Release|Win32
		{C07D1D08-B846-4CFE-BA17-4A8B2E95EA0E}.Release MD.ActiveCfg = Release|Win32
		{C07D1D08-B846-4CFE-BA17-4A8B2E95EA0E}.Release MD.Build.0 = Release|Win32
		{C07D1D08-B846-4CFE-BA17-4A8B2E95EA0E}.Release ML.ActiveCfg = Release|Win32
		{C07D1D08-B846-4CFE-BA17-4A8B2E95EA0E}.Release ML.Build.0 = Release|Win32
		{C07D1D08-B846-4CFE-BA17-4A8B2E95EA0E}.Release MT.ActiveCfg = Release|Win32
		{C07D1D08-B846-4CFE-BA17-4A8B2E95EA0E}.Release MT.Build.0 = Release|Win32
	EndGlobalSection
	GlobalSection(ExtensibilityGlobals) = postSolution
	EndGlobalSection
	GlobalSection(ExtensibilityAddIns) = postSolution
	EndGlobalSection
EndGlobal
